
Microsoft Visual Studio Solution File, Format Version 12.00
# Visual Studio Version 16
VisualStudioVersion = 16.0.30225.117
MinimumVisualStudioVersion = 10.0.40219.1
Project("{FAE04EC0-301F-11D3-BF4B-00C04F79EFBC}") = "PortasLogicas", "PortasLogicas\PortasLogicas.csproj", "{960F73D9-2517-456F-B471-D1D43FD9122A}"
EndProject
Global
	GlobalSection(SolutionConfigurationPlatforms) = preSolution
		Debug|Any CPU = Debug|Any CPU
		Release|Any CPU = Release|Any CPU
	EndGlobalSection
	GlobalSection(ProjectConfigurationPlatforms) = postSolution
		{960F73D9-2517-456F-B471-D1D43FD9122A}.Debug|Any CPU.ActiveCfg = Debug|Any CPU
		{960F73D9-2517-456F-B471-D1D43FD9122A}.Debug|Any CPU.Build.0 = Debug|Any CPU
		{960F73D9-2517-456F-B471-D1D43FD9122A}.Release|Any CPU.ActiveCfg = Release|Any CPU
		{960F73D9-2517-456F-B471-D1D43FD9122A}.Release|Any CPU.Build.0 = Release|Any CPU
	EndGlobalSection
	GlobalSection(SolutionProperties) = preSolution
		HideSolutionNode = FALSE
	EndGlobalSection
	GlobalSection(ExtensibilityGlobals) = postSolution
		SolutionGuid = {31D043C3-D469-4C42-8A3F-CF055209048D}
	EndGlobalSection
EndGlobal
